
Microsoft Visual Studio Solution File, Format Version 12.00
# Visual Studio 15
VisualStudioVersion = 15.0.28307.902
MinimumVisualStudioVersion = 10.0.40219.1
Project("{FAE04EC0-301F-11D3-BF4B-00C04F79EFBC}") = "ViewData", "ViewData\ViewData.csproj", "{8567A41A-6F72-46A9-9ABC-4C28416D089D}"
EndProject
Global
	GlobalSection(SolutionConfigurationPlatforms) = preSolution
		Debug|Any CPU = Debug|Any CPU
		Release|Any CPU = Release|Any CPU
	EndGlobalSection
	GlobalSection(ProjectConfigurationPlatforms) = postSolution
		{8567A41A-6F72-46A9-9ABC-4C28416D089D}.Debug|Any CPU.ActiveCfg = Debug|Any CPU
		{8567A41A-6F72-46A9-9ABC-4C28416D089D}.Debug|Any CPU.Build.0 = Debug|Any CPU
		{8567A41A-6F72-46A9-9ABC-4C28416D089D}.Release|Any CPU.ActiveCfg = Release|Any CPU
		{8567A41A-6F72-46A9-9ABC-4C28416D089D}.Release|Any CPU.Build.0 = Release|Any CPU
	EndGlobalSection
	GlobalSection(SolutionProperties) = preSolution
		HideSolutionNode = FALSE
	EndGlobalSection
	GlobalSection(ExtensibilityGlobals) = postSolution
		SolutionGuid = {129D0AAE-7300-47FC-9B9E-217A4C8BB1CE}
	EndGlobalSection
EndGlobal
