
Microsoft Visual Studio Solution File, Format Version 12.00
# Visual Studio 15
VisualStudioVersion = 15.0.28307.902
MinimumVisualStudioVersion = 10.0.40219.1
Project("{FAE04EC0-301F-11D3-BF4B-00C04F79EFBC}") = "Zadanie3", "Zadanie3\Zadanie3.csproj", "{01BC56F8-7C2C-4AD7-A2A8-FAD224DE25F8}"
EndProject
Project("{FAE04EC0-301F-11D3-BF4B-00C04F79EFBC}") = "Tests", "Tests\Tests.csproj", "{58E1E94F-1691-4808-932A-E45198BAAA87}"
EndProject
Global
	GlobalSection(SolutionConfigurationPlatforms) = preSolution
		Debug|Any CPU = Debug|Any CPU
		Release|Any CPU = Release|Any CPU
	EndGlobalSection
	GlobalSection(ProjectConfigurationPlatforms) = postSolution
		{01BC56F8-7C2C-4AD7-A2A8-FAD224DE25F8}.Debug|Any CPU.ActiveCfg = Debug|Any CPU
		{01BC56F8-7C2C-4AD7-A2A8-FAD224DE25F8}.Debug|Any CPU.Build.0 = Debug|Any CPU
		{01BC56F8-7C2C-4AD7-A2A8-FAD224DE25F8}.Release|Any CPU.ActiveCfg = Release|Any CPU
		{01BC56F8-7C2C-4AD7-A2A8-FAD224DE25F8}.Release|Any CPU.Build.0 = Release|Any CPU
		{58E1E94F-1691-4808-932A-E45198BAAA87}.Debug|Any CPU.ActiveCfg = Debug|Any CPU
		{58E1E94F-1691-4808-932A-E45198BAAA87}.Debug|Any CPU.Build.0 = Debug|Any CPU
		{58E1E94F-1691-4808-932A-E45198BAAA87}.Release|Any CPU.ActiveCfg = Release|Any CPU
		{58E1E94F-1691-4808-932A-E45198BAAA87}.Release|Any CPU.Build.0 = Release|Any CPU
	EndGlobalSection
	GlobalSection(SolutionProperties) = preSolution
		HideSolutionNode = FALSE
	EndGlobalSection
	GlobalSection(ExtensibilityGlobals) = postSolution
		SolutionGuid = {02112A14-BDC4-4400-B9CE-23B24B9DF069}
	EndGlobalSection
EndGlobal
