
Microsoft Visual Studio Solution File, Format Version 12.00
# Visual Studio 15
VisualStudioVersion = 15.0.28307.902
MinimumVisualStudioVersion = 10.0.40219.1
Project("{FAE04EC0-301F-11D3-BF4B-00C04F79EFBC}") = "View", "View\View.csproj", "{D217C116-4847-4C68-B53D-2F42D6D522BC}"
EndProject
Global
	GlobalSection(SolutionConfigurationPlatforms) = preSolution
		Debug|Any CPU = Debug|Any CPU
		Release|Any CPU = Release|Any CPU
	EndGlobalSection
	GlobalSection(ProjectConfigurationPlatforms) = postSolution
		{D217C116-4847-4C68-B53D-2F42D6D522BC}.Debug|Any CPU.ActiveCfg = Debug|Any CPU
		{D217C116-4847-4C68-B53D-2F42D6D522BC}.Debug|Any CPU.Build.0 = Debug|Any CPU
		{D217C116-4847-4C68-B53D-2F42D6D522BC}.Release|Any CPU.ActiveCfg = Release|Any CPU
		{D217C116-4847-4C68-B53D-2F42D6D522BC}.Release|Any CPU.Build.0 = Release|Any CPU
	EndGlobalSection
	GlobalSection(SolutionProperties) = preSolution
		HideSolutionNode = FALSE
	EndGlobalSection
	GlobalSection(ExtensibilityGlobals) = postSolution
		SolutionGuid = {7E61F79D-31BA-4F7E-996A-DC372B1209A0}
	EndGlobalSection
EndGlobal
